
Microsoft Visual Studio Solution File, Format Version 12.00
# Visual Studio Version 16
VisualStudioVersion = 16.0.30621.155
MinimumVisualStudioVersion = 10.0.40219.1
Project("{FAE04EC0-301F-11D3-BF4B-00C04F79EFBC}") = "Giliberto.TestADO.NET", "Giliberto.TestADO.NET.csproj", "{8273453E-C346-48B9-A1E8-C1BD007896CD}"
EndProject
Global
	GlobalSection(SolutionConfigurationPlatforms) = preSolution
		Debug|Any CPU = Debug|Any CPU
		Release|Any CPU = Release|Any CPU
	EndGlobalSection
	GlobalSection(ProjectConfigurationPlatforms) = postSolution
		{8273453E-C346-48B9-A1E8-C1BD007896CD}.Debug|Any CPU.ActiveCfg = Debug|Any CPU
		{8273453E-C346-48B9-A1E8-C1BD007896CD}.Debug|Any CPU.Build.0 = Debug|Any CPU
		{8273453E-C346-48B9-A1E8-C1BD007896CD}.Release|Any CPU.ActiveCfg = Release|Any CPU
		{8273453E-C346-48B9-A1E8-C1BD007896CD}.Release|Any CPU.Build.0 = Release|Any CPU
	EndGlobalSection
	GlobalSection(SolutionProperties) = preSolution
		HideSolutionNode = FALSE
	EndGlobalSection
	GlobalSection(ExtensibilityGlobals) = postSolution
		SolutionGuid = {E6ED9EAD-FA9F-49BB-A132-9F0C3A4C39AE}
	EndGlobalSection
EndGlobal
